
Microsoft Visual Studio Solution File, Format Version 12.00
# Visual Studio 15
Project("{FAE04EC0-301F-11D3-BF4B-00C04F79EFBC}") = "UniHumanoid", "UniHumanoid.csproj", "{2E743E86-CF90-9037-06B4-40A67B70F267}"
EndProject
Project("{FAE04EC0-301F-11D3-BF4B-00C04F79EFBC}") = "UniGLTF", "UniGLTF.csproj", "{3A819B9D-551F-1393-9C3C-09D3D94D1C28}"
EndProject
Project("{FAE04EC0-301F-11D3-BF4B-00C04F79EFBC}") = "FastSpringBone", "FastSpringBone.csproj", "{67951055-5B36-577F-C98C-6B03CFBF9A66}"
EndProject
Project("{FAE04EC0-301F-11D3-BF4B-00C04F79EFBC}") = "UniGLTF.Tests", "UniGLTF.Tests.csproj", "{6A9396E5-7B8E-BEE7-3D46-22FDF43FC72A}"
EndProject
Project("{FAE04EC0-301F-11D3-BF4B-00C04F79EFBC}") = "UniGLTF.Editor", "UniGLTF.Editor.csproj", "{A89BAE7E-1B80-2EAD-F003-1C287A14C4FE}"
EndProject
Project("{FAE04EC0-301F-11D3-BF4B-00C04F79EFBC}") = "VRMShaders.GLTF.IO.Editor", "VRMShaders.GLTF.IO.Editor.csproj", "{5546F0B3-BDCD-8B87-C124-98C4797380CF}"
EndProject
Project("{FAE04EC0-301F-11D3-BF4B-00C04F79EFBC}") = "VRMShaders.GLTF.IO.Runtime", "VRMShaders.GLTF.IO.Runtime.csproj", "{F62B4C42-59B0-B455-FF31-15ADB159CFAA}"
EndProject
Project("{FAE04EC0-301F-11D3-BF4B-00C04F79EFBC}") = "UniVRM.Editor", "UniVRM.Editor.csproj", "{1F2D2969-4822-29F0-212B-DB3067B3649D}"
EndProject
Project("{FAE04EC0-301F-11D3-BF4B-00C04F79EFBC}") = "VRM", "VRM.csproj", "{A647A900-CC99-6B81-BC9F-263D7733E74D}"
EndProject
Project("{FAE04EC0-301F-11D3-BF4B-00C04F79EFBC}") = "VRMShaders.GLTF.IO.Tests", "VRMShaders.GLTF.IO.Tests.csproj", "{1930DE5F-152F-DC33-D1FC-44E8EAAEBE69}"
EndProject
Project("{FAE04EC0-301F-11D3-BF4B-00C04F79EFBC}") = "VRMShaders.VRM10.MToon10.Runtime", "VRMShaders.VRM10.MToon10.Runtime.csproj", "{5EB64B11-0D18-92A7-83B2-E751DECF5951}"
EndProject
Project("{FAE04EC0-301F-11D3-BF4B-00C04F79EFBC}") = "MToon", "MToon.csproj", "{0512C52D-1400-6007-F455-DA2A7D1E2AB1}"
EndProject
Project("{FAE04EC0-301F-11D3-BF4B-00C04F79EFBC}") = "Assembly-CSharp", "Assembly-CSharp.csproj", "{029C2587-17CC-92D8-A3ED-688CDE1C8BB7}"
EndProject
Project("{FAE04EC0-301F-11D3-BF4B-00C04F79EFBC}") = "VRM.Tests", "VRM.Tests.csproj", "{B6D1667D-53AB-2808-D73E-0F65C3C87D60}"
EndProject
Project("{FAE04EC0-301F-11D3-BF4B-00C04F79EFBC}") = "UniGLTF.Utils", "UniGLTF.Utils.csproj", "{030B268B-4B41-A88A-E304-9DB565D3BF4D}"
EndProject
Project("{FAE04EC0-301F-11D3-BF4B-00C04F79EFBC}") = "VRMShaders.VRM10.MToon10.Tests", "VRMShaders.VRM10.MToon10.Tests.csproj", "{03652C26-A63A-1A5F-F869-F5FD3B6B403E}"
EndProject
Project("{FAE04EC0-301F-11D3-BF4B-00C04F79EFBC}") = "VRM.Samples.Editor.Tests", "VRM.Samples.Editor.Tests.csproj", "{91B29349-2C25-1F85-2866-7124A72A3195}"
EndProject
Project("{FAE04EC0-301F-11D3-BF4B-00C04F79EFBC}") = "VRMShaders.GLTF.UniUnlit.Runtime", "VRMShaders.GLTF.UniUnlit.Runtime.csproj", "{ADF1289A-21D3-F52B-8657-C15E50F137F1}"
EndProject
Project("{FAE04EC0-301F-11D3-BF4B-00C04F79EFBC}") = "VRMShaders.VRM10.MToon10.Editor", "VRMShaders.VRM10.MToon10.Editor.csproj", "{DECD378F-ADAB-82A3-F678-056620CC8632}"
EndProject
Project("{FAE04EC0-301F-11D3-BF4B-00C04F79EFBC}") = "MToon.Editor", "MToon.Editor.csproj", "{E724FC40-43E4-6C81-8B14-11447AA76C65}"
EndProject
Project("{FAE04EC0-301F-11D3-BF4B-00C04F79EFBC}") = "VRMShaders.VRM.IO.Runtime", "VRMShaders.VRM.IO.Runtime.csproj", "{BE66A8B7-9DBC-8BDF-F0C2-181E5E2392BB}"
EndProject
Project("{FAE04EC0-301F-11D3-BF4B-00C04F79EFBC}") = "VRMShaders.GLTF.UniUnlit.Editor", "VRMShaders.GLTF.UniUnlit.Editor.csproj", "{EF5B4DEA-25A1-5702-FE2F-0969772E8F14}"
EndProject
Project("{FAE04EC0-301F-11D3-BF4B-00C04F79EFBC}") = "UniHumanoid.Editor", "UniHumanoid.Editor.csproj", "{627692A5-3C2D-63F8-B9D3-F7D6264A09DE}"
EndProject
Project("{FAE04EC0-301F-11D3-BF4B-00C04F79EFBC}") = "Assembly-CSharp-Editor", "Assembly-CSharp-Editor.csproj", "{3E2487CB-DABB-FB11-EF6A-22C55503F8F2}"
EndProject
Project("{FAE04EC0-301F-11D3-BF4B-00C04F79EFBC}") = "UniHumanoid.Editor.Tests", "UniHumanoid.Editor.Tests.csproj", "{C9A73CDA-44AB-658E-2794-FCEB444BF17E}"
EndProject
Project("{FAE04EC0-301F-11D3-BF4B-00C04F79EFBC}") = "VRMShaders.VRM10.Format.Runtime", "VRMShaders.VRM10.Format.Runtime.csproj", "{AF43429D-13BD-D947-0DD2-CDB64F006F57}"
EndProject
Global
	GlobalSection(SolutionConfigurationPlatforms) = preSolution
		Debug|Any CPU = Debug|Any CPU
		Release|Any CPU = Release|Any CPU
	EndGlobalSection
	GlobalSection(ProjectConfigurationPlatforms) = postSolution
		{2E743E86-CF90-9037-06B4-40A67B70F267}.Debug|Any CPU.ActiveCfg = Debug|Any CPU
		{2E743E86-CF90-9037-06B4-40A67B70F267}.Debug|Any CPU.Build.0 = Debug|Any CPU
		{2E743E86-CF90-9037-06B4-40A67B70F267}.Release|Any CPU.ActiveCfg = Release|Any CPU
		{2E743E86-CF90-9037-06B4-40A67B70F267}.Release|Any CPU.Build.0 = Release|Any CPU
		{3A819B9D-551F-1393-9C3C-09D3D94D1C28}.Debug|Any CPU.ActiveCfg = Debug|Any CPU
		{3A819B9D-551F-1393-9C3C-09D3D94D1C28}.Debug|Any CPU.Build.0 = Debug|Any CPU
		{3A819B9D-551F-1393-9C3C-09D3D94D1C28}.Release|Any CPU.ActiveCfg = Release|Any CPU
		{3A819B9D-551F-1393-9C3C-09D3D94D1C28}.Release|Any CPU.Build.0 = Release|Any CPU
		{67951055-5B36-577F-C98C-6B03CFBF9A66}.Debug|Any CPU.ActiveCfg = Debug|Any CPU
		{67951055-5B36-577F-C98C-6B03CFBF9A66}.Debug|Any CPU.Build.0 = Debug|Any CPU
		{67951055-5B36-577F-C98C-6B03CFBF9A66}.Release|Any CPU.ActiveCfg = Release|Any CPU
		{67951055-5B36-577F-C98C-6B03CFBF9A66}.Release|Any CPU.Build.0 = Release|Any CPU
		{6A9396E5-7B8E-BEE7-3D46-22FDF43FC72A}.Debug|Any CPU.ActiveCfg = Debug|Any CPU
		{6A9396E5-7B8E-BEE7-3D46-22FDF43FC72A}.Debug|Any CPU.Build.0 = Debug|Any CPU
		{6A9396E5-7B8E-BEE7-3D46-22FDF43FC72A}.Release|Any CPU.ActiveCfg = Release|Any CPU
		{6A9396E5-7B8E-BEE7-3D46-22FDF43FC72A}.Release|Any CPU.Build.0 = Release|Any CPU
		{A89BAE7E-1B80-2EAD-F003-1C287A14C4FE}.Debug|Any CPU.ActiveCfg = Debug|Any CPU
		{A89BAE7E-1B80-2EAD-F003-1C287A14C4FE}.Debug|Any CPU.Build.0 = Debug|Any CPU
		{A89BAE7E-1B80-2EAD-F003-1C287A14C4FE}.Release|Any CPU.ActiveCfg = Release|Any CPU
		{A89BAE7E-1B80-2EAD-F003-1C287A14C4FE}.Release|Any CPU.Build.0 = Release|Any CPU
		{5546F0B3-BDCD-8B87-C124-98C4797380CF}.Debug|Any CPU.ActiveCfg = Debug|Any CPU
		{5546F0B3-BDCD-8B87-C124-98C4797380CF}.Debug|Any CPU.Build.0 = Debug|Any CPU
		{5546F0B3-BDCD-8B87-C124-98C4797380CF}.Release|Any CPU.ActiveCfg = Release|Any CPU
		{5546F0B3-BDCD-8B87-C124-98C4797380CF}.Release|Any CPU.Build.0 = Release|Any CPU
		{F62B4C42-59B0-B455-FF31-15ADB159CFAA}.Debug|Any CPU.ActiveCfg = Debug|Any CPU
		{F62B4C42-59B0-B455-FF31-15ADB159CFAA}.Debug|Any CPU.Build.0 = Debug|Any CPU
		{F62B4C42-59B0-B455-FF31-15ADB159CFAA}.Release|Any CPU.ActiveCfg = Release|Any CPU
		{F62B4C42-59B0-B455-FF31-15ADB159CFAA}.Release|Any CPU.Build.0 = Release|Any CPU
		{1F2D2969-4822-29F0-212B-DB3067B3649D}.Debug|Any CPU.ActiveCfg = Debug|Any CPU
		{1F2D2969-4822-29F0-212B-DB3067B3649D}.Debug|Any CPU.Build.0 = Debug|Any CPU
		{1F2D2969-4822-29F0-212B-DB3067B3649D}.Release|Any CPU.ActiveCfg = Release|Any CPU
		{1F2D2969-4822-29F0-212B-DB3067B3649D}.Release|Any CPU.Build.0 = Release|Any CPU
		{A647A900-CC99-6B81-BC9F-263D7733E74D}.Debug|Any CPU.ActiveCfg = Debug|Any CPU
		{A647A900-CC99-6B81-BC9F-263D7733E74D}.Debug|Any CPU.Build.0 = Debug|Any CPU
		{A647A900-CC99-6B81-BC9F-263D7733E74D}.Release|Any CPU.ActiveCfg = Release|Any CPU
		{A647A900-CC99-6B81-BC9F-263D7733E74D}.Release|Any CPU.Build.0 = Release|Any CPU
		{1930DE5F-152F-DC33-D1FC-44E8EAAEBE69}.Debug|Any CPU.ActiveCfg = Debug|Any CPU
		{1930DE5F-152F-DC33-D1FC-44E8EAAEBE69}.Debug|Any CPU.Build.0 = Debug|Any CPU
		{1930DE5F-152F-DC33-D1FC-44E8EAAEBE69}.Release|Any CPU.ActiveCfg = Release|Any CPU
		{1930DE5F-152F-DC33-D1FC-44E8EAAEBE69}.Release|Any CPU.Build.0 = Release|Any CPU
		{5EB64B11-0D18-92A7-83B2-E751DECF5951}.Debug|Any CPU.ActiveCfg = Debug|Any CPU
		{5EB64B11-0D18-92A7-83B2-E751DECF5951}.Debug|Any CPU.Build.0 = Debug|Any CPU
		{5EB64B11-0D18-92A7-83B2-E751DECF5951}.Release|Any CPU.ActiveCfg = Release|Any CPU
		{5EB64B11-0D18-92A7-83B2-E751DECF5951}.Release|Any CPU.Build.0 = Release|Any CPU
		{0512C52D-1400-6007-F455-DA2A7D1E2AB1}.Debug|Any CPU.ActiveCfg = Debug|Any CPU
		{0512C52D-1400-6007-F455-DA2A7D1E2AB1}.Debug|Any CPU.Build.0 = Debug|Any CPU
		{0512C52D-1400-6007-F455-DA2A7D1E2AB1}.Release|Any CPU.ActiveCfg = Release|Any CPU
		{0512C52D-1400-6007-F455-DA2A7D1E2AB1}.Release|Any CPU.Build.0 = Release|Any CPU
		{029C2587-17CC-92D8-A3ED-688CDE1C8BB7}.Debug|Any CPU.ActiveCfg = Debug|Any CPU
		{029C2587-17CC-92D8-A3ED-688CDE1C8BB7}.Debug|Any CPU.Build.0 = Debug|Any CPU
		{029C2587-17CC-92D8-A3ED-688CDE1C8BB7}.Release|Any CPU.ActiveCfg = Release|Any CPU
		{029C2587-17CC-92D8-A3ED-688CDE1C8BB7}.Release|Any CPU.Build.0 = Release|Any CPU
		{B6D1667D-53AB-2808-D73E-0F65C3C87D60}.Debug|Any CPU.ActiveCfg = Debug|Any CPU
		{B6D1667D-53AB-2808-D73E-0F65C3C87D60}.Debug|Any CPU.Build.0 = Debug|Any CPU
		{B6D1667D-53AB-2808-D73E-0F65C3C87D60}.Release|Any CPU.ActiveCfg = Release|Any CPU
		{B6D1667D-53AB-2808-D73E-0F65C3C87D60}.Release|Any CPU.Build.0 = Release|Any CPU
		{030B268B-4B41-A88A-E304-9DB565D3BF4D}.Debug|Any CPU.ActiveCfg = Debug|Any CPU
		{030B268B-4B41-A88A-E304-9DB565D3BF4D}.Debug|Any CPU.Build.0 = Debug|Any CPU
		{030B268B-4B41-A88A-E304-9DB565D3BF4D}.Release|Any CPU.ActiveCfg = Release|Any CPU
		{030B268B-4B41-A88A-E304-9DB565D3BF4D}.Release|Any CPU.Build.0 = Release|Any CPU
		{03652C26-A63A-1A5F-F869-F5FD3B6B403E}.Debug|Any CPU.ActiveCfg = Debug|Any CPU
		{03652C26-A63A-1A5F-F869-F5FD3B6B403E}.Debug|Any CPU.Build.0 = Debug|Any CPU
		{03652C26-A63A-1A5F-F869-F5FD3B6B403E}.Release|Any CPU.ActiveCfg = Release|Any CPU
		{03652C26-A63A-1A5F-F869-F5FD3B6B403E}.Release|Any CPU.Build.0 = Release|Any CPU
		{91B29349-2C25-1F85-2866-7124A72A3195}.Debug|Any CPU.ActiveCfg = Debug|Any CPU
		{91B29349-2C25-1F85-2866-7124A72A3195}.Debug|Any CPU.Build.0 = Debug|Any CPU
		{91B29349-2C25-1F85-2866-7124A72A3195}.Release|Any CPU.ActiveCfg = Release|Any CPU
		{91B29349-2C25-1F85-2866-7124A72A3195}.Release|Any CPU.Build.0 = Release|Any CPU
		{ADF1289A-21D3-F52B-8657-C15E50F137F1}.Debug|Any CPU.ActiveCfg = Debug|Any CPU
		{ADF1289A-21D3-F52B-8657-C15E50F137F1}.Debug|Any CPU.Build.0 = Debug|Any CPU
		{ADF1289A-21D3-F52B-8657-C15E50F137F1}.Release|Any CPU.ActiveCfg = Release|Any CPU
		{ADF1289A-21D3-F52B-8657-C15E50F137F1}.Release|Any CPU.Build.0 = Release|Any CPU
		{DECD378F-ADAB-82A3-F678-056620CC8632}.Debug|Any CPU.ActiveCfg = Debug|Any CPU
		{DECD378F-ADAB-82A3-F678-056620CC8632}.Debug|Any CPU.Build.0 = Debug|Any CPU
		{DECD378F-ADAB-82A3-F678-056620CC8632}.Release|Any CPU.ActiveCfg = Release|Any CPU
		{DECD378F-ADAB-82A3-F678-056620CC8632}.Release|Any CPU.Build.0 = Release|Any CPU
		{E724FC40-43E4-6C81-8B14-11447AA76C65}.Debug|Any CPU.ActiveCfg = Debug|Any CPU
		{E724FC40-43E4-6C81-8B14-11447AA76C65}.Debug|Any CPU.Build.0 = Debug|Any CPU
		{E724FC40-43E4-6C81-8B14-11447AA76C65}.Release|Any CPU.ActiveCfg = Release|Any CPU
		{E724FC40-43E4-6C81-8B14-11447AA76C65}.Release|Any CPU.Build.0 = Release|Any CPU
		{BE66A8B7-9DBC-8BDF-F0C2-181E5E2392BB}.Debug|Any CPU.ActiveCfg = Debug|Any CPU
		{BE66A8B7-9DBC-8BDF-F0C2-181E5E2392BB}.Debug|Any CPU.Build.0 = Debug|Any CPU
		{BE66A8B7-9DBC-8BDF-F0C2-181E5E2392BB}.Release|Any CPU.ActiveCfg = Release|Any CPU
		{BE66A8B7-9DBC-8BDF-F0C2-181E5E2392BB}.Release|Any CPU.Build.0 = Release|Any CPU
		{EF5B4DEA-25A1-5702-FE2F-0969772E8F14}.Debug|Any CPU.ActiveCfg = Debug|Any CPU
		{EF5B4DEA-25A1-5702-FE2F-0969772E8F14}.Debug|Any CPU.Build.0 = Debug|Any CPU
		{EF5B4DEA-25A1-5702-FE2F-0969772E8F14}.Release|Any CPU.ActiveCfg = Release|Any CPU
		{EF5B4DEA-25A1-5702-FE2F-0969772E8F14}.Release|Any CPU.Build.0 = Release|Any CPU
		{627692A5-3C2D-63F8-B9D3-F7D6264A09DE}.Debug|Any CPU.ActiveCfg = Debug|Any CPU
		{627692A5-3C2D-63F8-B9D3-F7D6264A09DE}.Debug|Any CPU.Build.0 = Debug|Any CPU
		{627692A5-3C2D-63F8-B9D3-F7D6264A09DE}.Release|Any CPU.ActiveCfg = Release|Any CPU
		{627692A5-3C2D-63F8-B9D3-F7D6264A09DE}.Release|Any CPU.Build.0 = Release|Any CPU
		{3E2487CB-DABB-FB11-EF6A-22C55503F8F2}.Debug|Any CPU.ActiveCfg = Debug|Any CPU
		{3E2487CB-DABB-FB11-EF6A-22C55503F8F2}.Debug|Any CPU.Build.0 = Debug|Any CPU
		{3E2487CB-DABB-FB11-EF6A-22C55503F8F2}.Release|Any CPU.ActiveCfg = Release|Any CPU
		{3E2487CB-DABB-FB11-EF6A-22C55503F8F2}.Release|Any CPU.Build.0 = Release|Any CPU
		{C9A73CDA-44AB-658E-2794-FCEB444BF17E}.Debug|Any CPU.ActiveCfg = Debug|Any CPU
		{C9A73CDA-44AB-658E-2794-FCEB444BF17E}.Debug|Any CPU.Build.0 = Debug|Any CPU
		{C9A73CDA-44AB-658E-2794-FCEB444BF17E}.Release|Any CPU.ActiveCfg = Release|Any CPU
		{C9A73CDA-44AB-658E-2794-FCEB444BF17E}.Release|Any CPU.Build.0 = Release|Any CPU
		{AF43429D-13BD-D947-0DD2-CDB64F006F57}.Debug|Any CPU.ActiveCfg = Debug|Any CPU
		{AF43429D-13BD-D947-0DD2-CDB64F006F57}.Debug|Any CPU.Build.0 = Debug|Any CPU
		{AF43429D-13BD-D947-0DD2-CDB64F006F57}.Release|Any CPU.ActiveCfg = Release|Any CPU
		{AF43429D-13BD-D947-0DD2-CDB64F006F57}.Release|Any CPU.Build.0 = Release|Any CPU
	EndGlobalSection
	GlobalSection(SolutionProperties) = preSolution
		HideSolutionNode = FALSE
	EndGlobalSection
EndGlobal
